
Microsoft Visual Studio Solution File, Format Version 12.00
# Visual Studio Version 17
VisualStudioVersion = 17.2.32616.157
MinimumVisualStudioVersion = 10.0.40219.1
Project("{FAE04EC0-301F-11D3-BF4B-00C04F79EFBC}") = "CEMLibrary", "CEMLibrary\CEMLibrary.csproj", "{5F2B29AC-CAAB-44FA-81AE-EE2324477A43}"
EndProject
Global
	GlobalSection(SolutionConfigurationPlatforms) = preSolution
		Debug|Any CPU = Debug|Any CPU
		Release|Any CPU = Release|Any CPU
	EndGlobalSection
	GlobalSection(ProjectConfigurationPlatforms) = postSolution
		{5F2B29AC-CAAB-44FA-81AE-EE2324477A43}.Debug|Any CPU.ActiveCfg = Debug|Any CPU
		{5F2B29AC-CAAB-44FA-81AE-EE2324477A43}.Debug|Any CPU.Build.0 = Debug|Any CPU
		{5F2B29AC-CAAB-44FA-81AE-EE2324477A43}.Release|Any CPU.ActiveCfg = Release|Any CPU
		{5F2B29AC-CAAB-44FA-81AE-EE2324477A43}.Release|Any CPU.Build.0 = Release|Any CPU
	EndGlobalSection
	GlobalSection(SolutionProperties) = preSolution
		HideSolutionNode = FALSE
	EndGlobalSection
	GlobalSection(ExtensibilityGlobals) = postSolution
		SolutionGuid = {2C3521D7-5FA3-467D-AB28-97FF35B5CA23}
	EndGlobalSection
EndGlobal
